// !$*UTF8*$!
{
	archiveVersion = 1;
	classes = {
	};
	objectVersion = 46;
	objects = {

/* Begin PBXBuildFile section */
		D953AAA1193F286B001ECCC0 /* AppDelegate.swift in Sources */ = {isa = PBXBuildFile; fileRef = D953AAA0193F286B001ECCC0 /* AppDelegate.swift */; };
		D953AAA3193F286B001ECCC0 /* ViewController.swift in Sources */ = {isa = PBXBuildFile; fileRef = D953AAA2193F286B001ECCC0 /* ViewController.swift */; };
		D953AAA6193F286B001ECCC0 /* Main.storyboard in Resources */ = {isa = PBXBuildFile; fileRef = D953AAA4193F286B001ECCC0 /* Main.storyboard */; };
		D953AAA8193F286B001ECCC0 /* Images.xcassets in Resources */ = {isa = PBXBuildFile; fileRef = D953AAA7193F286B001ECCC0 /* Images.xcassets */; };
		D953AABE193F287B001ECCC0 /* TiqavCell.swift in Sources */ = {isa = PBXBuildFile; fileRef = D953AABD193F287B001ECCC0 /* TiqavCell.swift */; };
/* End PBXBuildFile section */

/* Begin PBXContainerItemProxy section */
		D953AAAE193F286B001ECCC0 /* PBXContainerItemProxy */ = {
			isa = PBXContainerItemProxy;
			containerPortal = D953AA93193F286B001ECCC0 /* Project object */;
			proxyType = 1;
			remoteGlobalIDString = D953AA9A193F286B001ECCC0;
			remoteInfo = SwiftTiqavViewer;
		};
/* End PBXContainerItemProxy section */

/* Begin PBXFileReference section */
		D953AA9B193F286B001ECCC0 /* SwiftTiqavViewer.app */ = {isa = PBXFileReference; explicitFileType = wrapper.application; includeInIndex = 0; path = SwiftTiqavViewer.app; sourceTree = BUILT_PRODUCTS_DIR; };
		D953AA9F193F286B001ECCC0 /* Info.plist */ = {isa = PBXFileReference; lastKnownFileType = text.plist.xml; path = Info.plist; sourceTree = "<group>"; };
		D953AAA0193F286B001ECCC0 /* AppDelegate.swift */ = {isa = PBXFileReference; lastKnownFileType = sourcecode.swift; path = AppDelegate.swift; sourceTree = "<group>"; };
		D953AAA2193F286B001ECCC0 /* ViewController.swift */ = {isa = PBXFileReference; lastKnownFileType = sourcecode.swift; path = ViewController.swift; sourceTree = "<group>"; };
		D953AAA5193F286B001ECCC0 /* Base */ = {isa = PBXFileReference; lastKnownFileType = file.storyboard; name = Base; path = Base.lproj/Main.storyboard; sourceTree = "<group>"; };
		D953AAA7193F286B001ECCC0 /* Images.xcassets */ = {isa = PBXFileReference; lastKnownFileType = folder.assetcatalog; path = Images.xcassets; sourceTree = "<group>"; };
		D953AAAD193F286B001ECCC0 /* SwiftTiqavViewerTests.xctest */ = {isa = PBXFileReference; explicitFileType = wrapper.cfbundle; includeInIndex = 0; path = SwiftTiqavViewerTests.xctest; sourceTree = BUILT_PRODUCTS_DIR; };
		D953AABD193F287B001ECCC0 /* TiqavCell.swift */ = {isa = PBXFileReference; fileEncoding = 4; lastKnownFileType = sourcecode.swift; path = TiqavCell.swift; sourceTree = "<group>"; };
/* End PBXFileReference section */

/* Begin PBXFrameworksBuildPhase section */
		D953AA98193F286B001ECCC0 /* Frameworks */ = {
			isa = PBXFrameworksBuildPhase;
			buildActionMask = 2147483647;
			files = (
			);
			runOnlyForDeploymentPostprocessing = 0;
		};
		D953AAAA193F286B001ECCC0 /* Frameworks */ = {
			isa = PBXFrameworksBuildPhase;
			buildActionMask = 2147483647;
			files = (
			);
			runOnlyForDeploymentPostprocessing = 0;
		};
/* End PBXFrameworksBuildPhase section */

/* Begin PBXGroup section */
		D953AA92193F286B001ECCC0 = {
			isa = PBXGroup;
			children = (
				D953AA9D193F286B001ECCC0 /* SwiftTiqavViewer */,
				D953AA9C193F286B001ECCC0 /* Products */,
			);
			sourceTree = "<group>";
		};
		D953AA9C193F286B001ECCC0 /* Products */ = {
			isa = PBXGroup;
			children = (
				D953AA9B193F286B001ECCC0 /* SwiftTiqavViewer.app */,
				D953AAAD193F286B001ECCC0 /* SwiftTiqavViewerTests.xctest */,
			);
			name = Products;
			sourceTree = "<group>";
		};
		D953AA9D193F286B001ECCC0 /* SwiftTiqavViewer */ = {
			isa = PBXGroup;
			children = (
				D953AAA0193F286B001ECCC0 /* AppDelegate.swift */,
				D953AAA2193F286B001ECCC0 /* ViewController.swift */,
				D953AAA4193F286B001ECCC0 /* Main.storyboard */,
				D953AABD193F287B001ECCC0 /* TiqavCell.swift */,
				D953AAA7193F286B001ECCC0 /* Images.xcassets */,
				D953AA9E193F286B001ECCC0 /* Supporting Files */,
			);
			path = SwiftTiqavViewer;
			sourceTree = "<group>";
		};
		D953AA9E193F286B001ECCC0 /* Supporting Files */ = {
			isa = PBXGroup;
			children = (
				D953AA9F193F286B001ECCC0 /* Info.plist */,
			);
			name = "Supporting Files";
			sourceTree = "<group>";
		};
/* End PBXGroup section */

/* Begin PBXNativeTarget section */
		D953AA9A193F286B001ECCC0 /* SwiftTiqavViewer */ = {
			isa = PBXNativeTarget;
			buildConfigurationList = D953AAB7193F286B001ECCC0 /* Build configuration list for PBXNativeTarget "SwiftTiqavViewer" */;
			buildPhases = (
				D953AA97193F286B001ECCC0 /* Sources */,
				D953AA98193F286B001ECCC0 /* Frameworks */,
				D953AA99193F286B001ECCC0 /* Resources */,
			);
			buildRules = (
			);
			dependencies = (
			);
			name = SwiftTiqavViewer;
			productName = SwiftTiqavViewer;
			productReference = D953AA9B193F286B001ECCC0 /* SwiftTiqavViewer.app */;
			productType = "com.apple.product-type.application";
		};
		D953AAAC193F286B001ECCC0 /* SwiftTiqavViewerTests */ = {
			isa = PBXNativeTarget;
			buildConfigurationList = D953AABA193F286B001ECCC0 /* Build configuration list for PBXNativeTarget "SwiftTiqavViewerTests" */;
			buildPhases = (
				D953AAA9193F286B001ECCC0 /* Sources */,
				D953AAAA193F286B001ECCC0 /* Frameworks */,
				D953AAAB193F286B001ECCC0 /* Resources */,
			);
			buildRules = (
			);
			dependencies = (
				D953AAAF193F286B001ECCC0 /* PBXTargetDependency */,
			);
			name = SwiftTiqavViewerTests;
			productName = SwiftTiqavViewerTests;
			productReference = D953AAAD193F286B001ECCC0 /* SwiftTiqavViewerTests.xctest */;
			productType = "com.apple.product-type.bundle.unit-test";
		};
/* End PBXNativeTarget section */

/* Begin PBXProject section */
		D953AA93193F286B001ECCC0 /* Project object */ = {
			isa = PBXProject;
			attributes = {
				LastUpgradeCheck = 0600;
				ORGANIZATIONNAME = himara2;
				TargetAttributes = {
					D953AA9A193F286B001ECCC0 = {
						CreatedOnToolsVersion = 6.0;
					};
					D953AAAC193F286B001ECCC0 = {
						CreatedOnToolsVersion = 6.0;
						TestTargetID = D953AA9A193F286B001ECCC0;
					};
				};
			};
			buildConfigurationList = D953AA96193F286B001ECCC0 /* Build configuration list for PBXProject "SwiftTiqavViewer" */;
			compatibilityVersion = "Xcode 3.2";
			developmentRegion = English;
			hasScannedForEncodings = 0;
			knownRegions = (
				en,
				Base,
			);
			mainGroup = D953AA92193F286B001ECCC0;
			productRefGroup = D953AA9C193F286B001ECCC0 /* Products */;
			projectDirPath = "";
			projectRoot = "";
			targets = (
				D953AA9A193F286B001ECCC0 /* SwiftTiqavViewer */,
				D953AAAC193F286B001ECCC0 /* SwiftTiqavViewerTests */,
			);
		};
/* End PBXProject section */

/* Begin PBXResourcesBuildPhase section */
		D953AA99193F286B001ECCC0 /* Resources */ = {
			isa = PBXResourcesBuildPhase;
			buildActionMask = 2147483647;
			files = (
				D953AAA6193F286B001ECCC0 /* Main.storyboard in Resources */,
				D953AAA8193F286B001ECCC0 /* Images.xcassets in Resources */,
			);
			runOnlyForDeploymentPostprocessing = 0;
		};
		D953AAAB193F286B001ECCC0 /* Resources */ = {
			isa = PBXResourcesBuildPhase;
			buildActionMask = 2147483647;
			files = (
			);
			runOnlyForDeploymentPostprocessing = 0;
		};
/* End PBXResourcesBuildPhase section */

/* Begin PBXSourcesBuildPhase section */
		D953AA97193F286B001ECCC0 /* Sources */ = {
			isa = PBXSourcesBuildPhase;
			buildActionMask = 2147483647;
			files = (
				D953AABE193F287B001ECCC0 /* TiqavCell.swift in Sources */,
				D953AAA3193F286B001ECCC0 /* ViewController.swift in Sources */,
				D953AAA1193F286B001ECCC0 /* AppDelegate.swift in Sources */,
			);
			runOnlyForDeploymentPostprocessing = 0;
		};
		D953AAA9193F286B001ECCC0 /* Sources */ = {
			isa = PBXSourcesBuildPhase;
			buildActionMask = 2147483647;
			files = (
			);
			runOnlyForDeploymentPostprocessing = 0;
		};
/* End PBXSourcesBuildPhase section */

/* Begin PBXTargetDependency section */
		D953AAAF193F286B001ECCC0 /* PBXTargetDependency */ = {
			isa = PBXTargetDependency;
			target = D953AA9A193F286B001ECCC0 /* SwiftTiqavViewer */;
			targetProxy = D953AAAE193F286B001ECCC0 /* PBXContainerItemProxy */;
		};
/* End PBXTargetDependency section */

/* Begin PBXVariantGroup section */
		D953AAA4193F286B001ECCC0 /* Main.storyboard */ = {
			isa = PBXVariantGroup;
			children = (
				D953AAA5193F286B001ECCC0 /* Base */,
			);
			name = Main.storyboard;
			sourceTree = "<group>";
		};
/* End PBXVariantGroup section */

/* Begin XCBuildConfiguration section */
		D953AAB5193F286B001ECCC0 /* Debug */ = {
			isa = XCBuildConfiguration;
			buildSettings = {
				ALWAYS_SEARCH_USER_PATHS = NO;
				CLANG_CXX_LANGUAGE_STANDARD = "gnu++0x";
				CLANG_CXX_LIBRARY = "libc++";
				CLANG_ENABLE_MODULES = YES;
				CLANG_ENABLE_OBJC_ARC = YES;
				CLANG_WARN_BOOL_CONVERSION = YES;
				CLANG_WARN_CONSTANT_CONVERSION = YES;
				CLANG_WARN_DIRECT_OBJC_ISA_USAGE = YES_ERROR;
				CLANG_WARN_EMPTY_BODY = YES;
				CLANG_WARN_ENUM_CONVERSION = YES;
				CLANG_WARN_INT_CONVERSION = YES;
				CLANG_WARN_OBJC_ROOT_CLASS = YES_ERROR;
				CLANG_WARN_UNREACHABLE_CODE = YES;
				CLANG_WARN__DUPLICATE_METHOD_MATCH = YES;
				"CODE_SIGN_IDENTITY[sdk=iphoneos*]" = "iPhone Developer";
				COPY_PHASE_STRIP = NO;
				ENABLE_STRICT_OBJC_MSGSEND = YES;
				GCC_C_LANGUAGE_STANDARD = gnu99;
				GCC_DYNAMIC_NO_PIC = NO;
				GCC_OPTIMIZATION_LEVEL = 0;
				GCC_PREPROCESSOR_DEFINITIONS = (
					"DEBUG=1",
					"$(inherited)",
				);
				GCC_SYMBOLS_PRIVATE_EXTERN = NO;
				GCC_WARN_64_TO_32_BIT_CONVERSION = YES;
				GCC_WARN_ABOUT_RETURN_TYPE = YES_ERROR;
				GCC_WARN_UNDECLARED_SELECTOR = YES;
				GCC_WARN_UNINITIALIZED_AUTOS = YES_AGGRESSIVE;
				GCC_WARN_UNUSED_FUNCTION = YES;
				GCC_WARN_UNUSED_VARIABLE = YES;
				IPHONEOS_DEPLOYMENT_TARGET = 8.0;
				METAL_ENABLE_DEBUG_INFO = YES;
				ONLY_ACTIVE_ARCH = YES;
				SDKROOT = iphoneos;
				SWIFT_OPTIMIZATION_LEVEL = "-Onone";
			};
			name = Debug;
		};
		D953AAB6193F286B001ECCC0 /* Release */ = {
			isa = XCBuildConfiguration;
			buildSettings = {
				ALWAYS_SEARCH_USER_PATHS = NO;
				CLANG_CXX_LANGUAGE_STANDARD = "gnu++0x";
				CLANG_CXX_LIBRARY = "libc++";
				CLANG_ENABLE_MODULES = YES;
				CLANG_ENABLE_OBJC_ARC = YES;
				CLANG_WARN_BOOL_CONVERSION = YES;
				CLANG_WARN_CONSTANT_CONVERSION = YES;
				CLANG_WARN_DIRECT_OBJC_ISA_USAGE = YES_ERROR;
				CLANG_WARN_EMPTY_BODY = YES;
				CLANG_WARN_ENUM_CONVERSION = YES;
				CLANG_WARN_INT_CONVERSION = YES;
				CLANG_WARN_OBJC_ROOT_CLASS = YES_ERROR;
				CLANG_WARN_UNREACHABLE_CODE = YES;
				CLANG_WARN__DUPLICATE_METHOD_MATCH = YES;
				"CODE_SIGN_IDENTITY[sdk=iphoneos*]" = "iPhone Developer";
				COPY_PHASE_STRIP = YES;
				ENABLE_NS_ASSERTIONS = NO;
				ENABLE_STRICT_OBJC_MSGSEND = YES;
				GCC_C_LANGUAGE_STANDARD = gnu99;
				GCC_WARN_64_TO_32_BIT_CONVERSION = YES;
				GCC_WARN_ABOUT_RETURN_TYPE = YES_ERROR;
				GCC_WARN_UNDECLARED_SELECTOR = YES;
				GCC_WARN_UNINITIALIZED_AUTOS = YES_AGGRESSIVE;
				GCC_WARN_UNUSED_FUNCTION = YES;
				GCC_WARN_UNUSED_VARIABLE = YES;
				IPHONEOS_DEPLOYMENT_TARGET = 8.0;
				METAL_ENABLE_DEBUG_INFO = NO;
				SDKROOT = iphoneos;
				VALIDATE_PRODUCT = YES;
			};
			name = Release;
		};
		D953AAB8193F286B001ECCC0 /* Debug */ = {
			isa = XCBuildConfiguration;
			buildSettings = {
				ASSETCATALOG_COMPILER_APPICON_NAME = AppIcon;
				ASSETCATALOG_COMPILER_LAUNCHIMAGE_NAME = LaunchImage;
				INFOPLIST_FILE = SwiftTiqavViewer/Info.plist;
				LD_RUNPATH_SEARCH_PATHS = "$(inherited) @executable_path/Frameworks";
				PRODUCT_NAME = "$(TARGET_NAME)";
			};
			name = Debug;
		};
		D953AAB9193F286B001ECCC0 /* Release */ = {
			isa = XCBuildConfiguration;
			buildSettings = {
				ASSETCATALOG_COMPILER_APPICON_NAME = AppIcon;
				ASSETCATALOG_COMPILER_LAUNCHIMAGE_NAME = LaunchImage;
				INFOPLIST_FILE = SwiftTiqavViewer/Info.plist;
				LD_RUNPATH_SEARCH_PATHS = "$(inherited) @executable_path/Frameworks";
				PRODUCT_NAME = "$(TARGET_NAME)";
			};
			name = Release;
		};
		D953AABB193F286B001ECCC0 /* Debug */ = {
			isa = XCBuildConfiguration;
			buildSettings = {
				BUNDLE_LOADER = "$(BUILT_PRODUCTS_DIR)/SwiftTiqavViewer.app/SwiftTiqavViewer";
				FRAMEWORK_SEARCH_PATHS = (
					"$(SDKROOT)/Developer/Library/Frameworks",
					"$(inherited)",
				);
				GCC_PREPROCESSOR_DEFINITIONS = (
					"DEBUG=1",
					"$(inherited)",
				);
				INFOPLIST_FILE = SwiftTiqavViewerTests/Info.plist;
				LD_RUNPATH_SEARCH_PATHS = "$(inherited) @executable_path/Frameworks @loader_path/Frameworks";
				METAL_ENABLE_DEBUG_INFO = YES;
				PRODUCT_NAME = "$(TARGET_NAME)";
				TEST_HOST = "$(BUNDLE_LOADER)";
			};
			name = Debug;
		};
		D953AABC193F286B001ECCC0 /* Release */ = {
			isa = XCBuildConfiguration;
			buildSettings = {
				BUNDLE_LOADER = "$(BUILT_PRODUCTS_DIR)/SwiftTiqavViewer.app/SwiftTiqavViewer";
				FRAMEWORK_SEARCH_PATHS = (
					"$(SDKROOT)/Developer/Library/Frameworks",
					"$(inherited)",
				);
				INFOPLIST_FILE = SwiftTiqavViewerTests/Info.plist;
				LD_RUNPATH_SEARCH_PATHS = "$(inherited) @executable_path/Frameworks @loader_path/Frameworks";
				METAL_ENABLE_DEBUG_INFO = NO;
				PRODUCT_NAME = "$(TARGET_NAME)";
				TEST_HOST = "$(BUNDLE_LOADER)";
			};
			name = Release;
		};
/* End XCBuildConfiguration section */

/* Begin XCConfigurationList section */
		D953AA96193F286B001ECCC0 /* Build configuration list for PBXProject "SwiftTiqavViewer" */ = {
			isa = XCConfigurationList;
			buildConfigurations = (
				D953AAB5193F286B001ECCC0 /* Debug */,
				D953AAB6193F286B001ECCC0 /* Release */,
			);
			defaultConfigurationIsVisible = 0;
			defaultConfigurationName = Release;
		};
		D953AAB7193F286B001ECCC0 /* Build configuration list for PBXNativeTarget "SwiftTiqavViewer" */ = {
			isa = XCConfigurationList;
			buildConfigurations = (
				D953AAB8193F286B001ECCC0 /* Debug */,
				D953AAB9193F286B001ECCC0 /* Release */,
			);
			defaultConfigurationIsVisible = 0;
		};
		D953AABA193F286B001ECCC0 /* Build configuration list for PBXNativeTarget "SwiftTiqavViewerTests" */ = {
			isa = XCConfigurationList;
			buildConfigurations = (
				D953AABB193F286B001ECCC0 /* Debug */,
				D953AABC193F286B001ECCC0 /* Release */,
			);
			defaultConfigurationIsVisible = 0;
		};
/* End XCConfigurationList section */
	};
	rootObject = D953AA93193F286B001ECCC0 /* Project object */;
}
